
Microsoft Visual Studio Solution File, Format Version 12.00
# Visual Studio Version 17
VisualStudioVersion = 17.9.34728.123
MinimumVisualStudioVersion = 10.0.40219.1
Project("{FAE04EC0-301F-11D3-BF4B-00C04F79EFBC}") = "MyConsoleApp", "MyConsoleApp\MyConsoleApp.csproj", "{8ECB6347-D3DA-41CA-9C06-FB778BDDDC26}"
EndProject
Project("{2150E333-8FDC-42A3-9474-1A3956D46DE8}") = "Documents", "Documents", "{00C73EC0-1754-4F53-B819-17556D35DFB2}"
EndProject
Global
	GlobalSection(SolutionConfigurationPlatforms) = preSolution
		Debug|Any CPU = Debug|Any CPU
		Release|Any CPU = Release|Any CPU
	EndGlobalSection
	GlobalSection(ProjectConfigurationPlatforms) = postSolution
		{8ECB6347-D3DA-41CA-9C06-FB778BDDDC26}.Debug|Any CPU.ActiveCfg = Debug|Any CPU
		{8ECB6347-D3DA-41CA-9C06-FB778BDDDC26}.Debug|Any CPU.Build.0 = Debug|Any CPU
		{8ECB6347-D3DA-41CA-9C06-FB778BDDDC26}.Release|Any CPU.ActiveCfg = Release|Any CPU
		{8ECB6347-D3DA-41CA-9C06-FB778BDDDC26}.Release|Any CPU.Build.0 = Release|Any CPU
	EndGlobalSection
	GlobalSection(SolutionProperties) = preSolution
		HideSolutionNode = FALSE
	EndGlobalSection
	GlobalSection(ExtensibilityGlobals) = postSolution
		SolutionGuid = {09B1EAB0-9ADE-4638-B5BF-24A33A21FDC5}
	EndGlobalSection
EndGlobal
